
Microsoft Visual Studio Solution File, Format Version 12.00
# Visual Studio 15
VisualStudioVersion = 15.0.28307.572
MinimumVisualStudioVersion = 10.0.40219.1
Project("{FAE04EC0-301F-11D3-BF4B-00C04F79EFBC}") = "001_Delegates", "Delegates\001_Delegates.csproj", "{1914B0E0-8D63-4E33-9868-8B292353519A}"
EndProject
Project("{FAE04EC0-301F-11D3-BF4B-00C04F79EFBC}") = "002_Delegates", "002_Delegates\002_Delegates.csproj", "{3D31BE80-451D-4634-889E-7C16602EF886}"
EndProject
Project("{FAE04EC0-301F-11D3-BF4B-00C04F79EFBC}") = "003_Delegates", "003_Delegates\003_Delegates.csproj", "{0A7F8F54-3C75-4E80-B2FB-90FC06F936CE}"
EndProject
Project("{FAE04EC0-301F-11D3-BF4B-00C04F79EFBC}") = "004_Delegates", "004_Delegates\004_Delegates.csproj", "{CC9DAEDD-3791-4695-A119-0DEEE393D4B6}"
EndProject
Project("{FAE04EC0-301F-11D3-BF4B-00C04F79EFBC}") = "005_Delegates", "005_Delegates\005_Delegates.csproj", "{B28659CC-8597-4DC5-A5E1-C86FA3DB0313}"
EndProject
Project("{FAE04EC0-301F-11D3-BF4B-00C04F79EFBC}") = "006_Delegates", "006_Delegates\006_Delegates.csproj", "{30A71DAB-9F6A-48DF-93AB-81B132E15CD3}"
EndProject
Project("{FAE04EC0-301F-11D3-BF4B-00C04F79EFBC}") = "007_Delegates", "007_Delegates\007_Delegates.csproj", "{5846D289-3241-4CD7-8F4E-282CC4F26FAF}"
EndProject
Project("{FAE04EC0-301F-11D3-BF4B-00C04F79EFBC}") = "008_Delegates", "008_Delegates\008_Delegates.csproj", "{590C8ADF-E4F4-4D3D-9CAF-863C79244023}"
EndProject
Project("{FAE04EC0-301F-11D3-BF4B-00C04F79EFBC}") = "009_Delegates", "009_Delegates\009_Delegates.csproj", "{891B9CFC-36D6-4EDF-9BBA-E4F1AC43CB26}"
EndProject
Project("{FAE04EC0-301F-11D3-BF4B-00C04F79EFBC}") = "010_Delegates", "010_Delegates\010_Delegates.csproj", "{57905EFB-3124-4E77-8745-B97BC757835F}"
EndProject
Project("{FAE04EC0-301F-11D3-BF4B-00C04F79EFBC}") = "011_Delegates", "011_Delegates\011_Delegates.csproj", "{2031C2FE-5B68-4281-8583-02185F87F6DC}"
EndProject
Project("{FAE04EC0-301F-11D3-BF4B-00C04F79EFBC}") = "012_Delegates", "012_Delegates\012_Delegates.csproj", "{9F3C56EB-7530-4E54-8157-B4BDF0F8489E}"
EndProject
Project("{FAE04EC0-301F-11D3-BF4B-00C04F79EFBC}") = "013_Delegates", "013_Delegates\013_Delegates.csproj", "{374B4A57-42FD-4849-B417-BAC3CA8109CD}"
EndProject
Project("{FAE04EC0-301F-11D3-BF4B-00C04F79EFBC}") = "014_Delegates", "014_Delegates\014_Delegates.csproj", "{641103AE-F772-4A21-827C-F24A2351AE56}"
EndProject
Global
	GlobalSection(SolutionConfigurationPlatforms) = preSolution
		Debug|Any CPU = Debug|Any CPU
		Release|Any CPU = Release|Any CPU
	EndGlobalSection
	GlobalSection(ProjectConfigurationPlatforms) = postSolution
		{1914B0E0-8D63-4E33-9868-8B292353519A}.Debug|Any CPU.ActiveCfg = Debug|Any CPU
		{1914B0E0-8D63-4E33-9868-8B292353519A}.Debug|Any CPU.Build.0 = Debug|Any CPU
		{1914B0E0-8D63-4E33-9868-8B292353519A}.Release|Any CPU.ActiveCfg = Release|Any CPU
		{1914B0E0-8D63-4E33-9868-8B292353519A}.Release|Any CPU.Build.0 = Release|Any CPU
		{3D31BE80-451D-4634-889E-7C16602EF886}.Debug|Any CPU.ActiveCfg = Debug|Any CPU
		{3D31BE80-451D-4634-889E-7C16602EF886}.Debug|Any CPU.Build.0 = Debug|Any CPU
		{3D31BE80-451D-4634-889E-7C16602EF886}.Release|Any CPU.ActiveCfg = Release|Any CPU
		{3D31BE80-451D-4634-889E-7C16602EF886}.Release|Any CPU.Build.0 = Release|Any CPU
		{0A7F8F54-3C75-4E80-B2FB-90FC06F936CE}.Debug|Any CPU.ActiveCfg = Debug|Any CPU
		{0A7F8F54-3C75-4E80-B2FB-90FC06F936CE}.Debug|Any CPU.Build.0 = Debug|Any CPU
		{0A7F8F54-3C75-4E80-B2FB-90FC06F936CE}.Release|Any CPU.ActiveCfg = Release|Any CPU
		{0A7F8F54-3C75-4E80-B2FB-90FC06F936CE}.Release|Any CPU.Build.0 = Release|Any CPU
		{CC9DAEDD-3791-4695-A119-0DEEE393D4B6}.Debug|Any CPU.ActiveCfg = Debug|Any CPU
		{CC9DAEDD-3791-4695-A119-0DEEE393D4B6}.Debug|Any CPU.Build.0 = Debug|Any CPU
		{CC9DAEDD-3791-4695-A119-0DEEE393D4B6}.Release|Any CPU.ActiveCfg = Release|Any CPU
		{CC9DAEDD-3791-4695-A119-0DEEE393D4B6}.Release|Any CPU.Build.0 = Release|Any CPU
		{B28659CC-8597-4DC5-A5E1-C86FA3DB0313}.Debug|Any CPU.ActiveCfg = Debug|Any CPU
		{B28659CC-8597-4DC5-A5E1-C86FA3DB0313}.Debug|Any CPU.Build.0 = Debug|Any CPU
		{B28659CC-8597-4DC5-A5E1-C86FA3DB0313}.Release|Any CPU.ActiveCfg = Release|Any CPU
		{B28659CC-8597-4DC5-A5E1-C86FA3DB0313}.Release|Any CPU.Build.0 = Release|Any CPU
		{30A71DAB-9F6A-48DF-93AB-81B132E15CD3}.Debug|Any CPU.ActiveCfg = Debug|Any CPU
		{30A71DAB-9F6A-48DF-93AB-81B132E15CD3}.Debug|Any CPU.Build.0 = Debug|Any CPU
		{30A71DAB-9F6A-48DF-93AB-81B132E15CD3}.Release|Any CPU.ActiveCfg = Release|Any CPU
		{30A71DAB-9F6A-48DF-93AB-81B132E15CD3}.Release|Any CPU.Build.0 = Release|Any CPU
		{5846D289-3241-4CD7-8F4E-282CC4F26FAF}.Debug|Any CPU.ActiveCfg = Debug|Any CPU
		{5846D289-3241-4CD7-8F4E-282CC4F26FAF}.Debug|Any CPU.Build.0 = Debug|Any CPU
		{5846D289-3241-4CD7-8F4E-282CC4F26FAF}.Release|Any CPU.ActiveCfg = Release|Any CPU
		{5846D289-3241-4CD7-8F4E-282CC4F26FAF}.Release|Any CPU.Build.0 = Release|Any CPU
		{590C8ADF-E4F4-4D3D-9CAF-863C79244023}.Debug|Any CPU.ActiveCfg = Debug|Any CPU
		{590C8ADF-E4F4-4D3D-9CAF-863C79244023}.Debug|Any CPU.Build.0 = Debug|Any CPU
		{590C8ADF-E4F4-4D3D-9CAF-863C79244023}.Release|Any CPU.ActiveCfg = Release|Any CPU
		{590C8ADF-E4F4-4D3D-9CAF-863C79244023}.Release|Any CPU.Build.0 = Release|Any CPU
		{891B9CFC-36D6-4EDF-9BBA-E4F1AC43CB26}.Debug|Any CPU.ActiveCfg = Debug|Any CPU
		{891B9CFC-36D6-4EDF-9BBA-E4F1AC43CB26}.Debug|Any CPU.Build.0 = Debug|Any CPU
		{891B9CFC-36D6-4EDF-9BBA-E4F1AC43CB26}.Release|Any CPU.ActiveCfg = Release|Any CPU
		{891B9CFC-36D6-4EDF-9BBA-E4F1AC43CB26}.Release|Any CPU.Build.0 = Release|Any CPU
		{57905EFB-3124-4E77-8745-B97BC757835F}.Debug|Any CPU.ActiveCfg = Debug|Any CPU
		{57905EFB-3124-4E77-8745-B97BC757835F}.Debug|Any CPU.Build.0 = Debug|Any CPU
		{57905EFB-3124-4E77-8745-B97BC757835F}.Release|Any CPU.ActiveCfg = Release|Any CPU
		{57905EFB-3124-4E77-8745-B97BC757835F}.Release|Any CPU.Build.0 = Release|Any CPU
		{2031C2FE-5B68-4281-8583-02185F87F6DC}.Debug|Any CPU.ActiveCfg = Debug|Any CPU
		{2031C2FE-5B68-4281-8583-02185F87F6DC}.Debug|Any CPU.Build.0 = Debug|Any CPU
		{2031C2FE-5B68-4281-8583-02185F87F6DC}.Release|Any CPU.ActiveCfg = Release|Any CPU
		{2031C2FE-5B68-4281-8583-02185F87F6DC}.Release|Any CPU.Build.0 = Release|Any CPU
		{9F3C56EB-7530-4E54-8157-B4BDF0F8489E}.Debug|Any CPU.ActiveCfg = Debug|Any CPU
		{9F3C56EB-7530-4E54-8157-B4BDF0F8489E}.Debug|Any CPU.Build.0 = Debug|Any CPU
		{9F3C56EB-7530-4E54-8157-B4BDF0F8489E}.Release|Any CPU.ActiveCfg = Release|Any CPU
		{9F3C56EB-7530-4E54-8157-B4BDF0F8489E}.Release|Any CPU.Build.0 = Release|Any CPU
		{374B4A57-42FD-4849-B417-BAC3CA8109CD}.Debug|Any CPU.ActiveCfg = Debug|Any CPU
		{374B4A57-42FD-4849-B417-BAC3CA8109CD}.Debug|Any CPU.Build.0 = Debug|Any CPU
		{374B4A57-42FD-4849-B417-BAC3CA8109CD}.Release|Any CPU.ActiveCfg = Release|Any CPU
		{374B4A57-42FD-4849-B417-BAC3CA8109CD}.Release|Any CPU.Build.0 = Release|Any CPU
		{641103AE-F772-4A21-827C-F24A2351AE56}.Debug|Any CPU.ActiveCfg = Debug|Any CPU
		{641103AE-F772-4A21-827C-F24A2351AE56}.Debug|Any CPU.Build.0 = Debug|Any CPU
		{641103AE-F772-4A21-827C-F24A2351AE56}.Release|Any CPU.ActiveCfg = Release|Any CPU
		{641103AE-F772-4A21-827C-F24A2351AE56}.Release|Any CPU.Build.0 = Release|Any CPU
	EndGlobalSection
	GlobalSection(SolutionProperties) = preSolution
		HideSolutionNode = FALSE
	EndGlobalSection
	GlobalSection(ExtensibilityGlobals) = postSolution
		SolutionGuid = {0BA96660-576F-40C9-A429-030407937B88}
	EndGlobalSection
EndGlobal
